# @generated by Move, please check-in and do not edit manually.

[move]
version = 3
manifest_digest = "FC773E1180BB574CD1588895F59C22F621CBEAF3971E9D8B473904E56B337512"
deps_digest = "F8BBB0CCB2491CA29A3DF03D6F92277A4F3574266507ACD77214D37ECA3F3082"
dependencies = [
  { id = "Sui", name = "Sui" },
]

[[move.package]]
id = "MoveStdlib"
source = { git = "https://github.com/MystenLabs/sui.git", rev = "framework/testnet", subdir = "crates/sui-framework/packages/move-stdlib" }

[[move.package]]
id = "Sui"
source = { git = "https://github.com/MystenLabs/sui.git", rev = "framework/testnet", subdir = "crates/sui-framework/packages/sui-framework" }

dependencies = [
  { id = "MoveStdlib", name = "MoveStdlib" },
]

[move.toolchain-version]
compiler-version = "1.57.0"
edition = "2024.beta"
flavor = "sui"

[env]

[env.testnet]
chain-id = "4c78adac"
original-published-id = "0x212e24f0a59044789172a6c59475c980efeea4e7eb451a99145d29a2811028be"
latest-published-id = "0x212e24f0a59044789172a6c59475c980efeea4e7eb451a99145d29a2811028be"
published-version = "1"
